
Microsoft Visual Studio Solution File, Format Version 12.00
# Visual Studio Version 17
VisualStudioVersion = 17.1.32328.378
MinimumVisualStudioVersion = 10.0.40219.1
Project("{FAE04EC0-301F-11D3-BF4B-00C04F79EFBC}") = "CalculadoraPoo", "CalculadoraPoo\CalculadoraPoo.csproj", "{A339C4E6-DCD5-434C-B19A-06F6A8883D95}"
EndProject
Global
	GlobalSection(SolutionConfigurationPlatforms) = preSolution
		Debug|Any CPU = Debug|Any CPU
		Release|Any CPU = Release|Any CPU
	EndGlobalSection
	GlobalSection(ProjectConfigurationPlatforms) = postSolution
		{A339C4E6-DCD5-434C-B19A-06F6A8883D95}.Debug|Any CPU.ActiveCfg = Debug|Any CPU
		{A339C4E6-DCD5-434C-B19A-06F6A8883D95}.Debug|Any CPU.Build.0 = Debug|Any CPU
		{A339C4E6-DCD5-434C-B19A-06F6A8883D95}.Release|Any CPU.ActiveCfg = Release|Any CPU
		{A339C4E6-DCD5-434C-B19A-06F6A8883D95}.Release|Any CPU.Build.0 = Release|Any CPU
	EndGlobalSection
	GlobalSection(SolutionProperties) = preSolution
		HideSolutionNode = FALSE
	EndGlobalSection
	GlobalSection(ExtensibilityGlobals) = postSolution
		SolutionGuid = {D1D721A9-C031-4FBA-8391-D3DD64593EB6}
	EndGlobalSection
EndGlobal
