
Microsoft Visual Studio Solution File, Format Version 12.00
# Visual Studio Version 17
VisualStudioVersion = 17.1.32328.378
MinimumVisualStudioVersion = 10.0.40219.1
Project("{FAE04EC0-301F-11D3-BF4B-00C04F79EFBC}") = "ExercicioTriangulo", "ExercicioTriangulo\ExercicioTriangulo.csproj", "{9DCE6671-5383-4FFA-98E3-49FCA1066685}"
EndProject
Global
	GlobalSection(SolutionConfigurationPlatforms) = preSolution
		Debug|Any CPU = Debug|Any CPU
		Release|Any CPU = Release|Any CPU
	EndGlobalSection
	GlobalSection(ProjectConfigurationPlatforms) = postSolution
		{9DCE6671-5383-4FFA-98E3-49FCA1066685}.Debug|Any CPU.ActiveCfg = Debug|Any CPU
		{9DCE6671-5383-4FFA-98E3-49FCA1066685}.Debug|Any CPU.Build.0 = Debug|Any CPU
		{9DCE6671-5383-4FFA-98E3-49FCA1066685}.Release|Any CPU.ActiveCfg = Release|Any CPU
		{9DCE6671-5383-4FFA-98E3-49FCA1066685}.Release|Any CPU.Build.0 = Release|Any CPU
	EndGlobalSection
	GlobalSection(SolutionProperties) = preSolution
		HideSolutionNode = FALSE
	EndGlobalSection
	GlobalSection(ExtensibilityGlobals) = postSolution
		SolutionGuid = {ABA732A1-90E2-44AA-9DB9-65B8299AA037}
	EndGlobalSection
EndGlobal
