
Microsoft Visual Studio Solution File, Format Version 12.00
# Visual Studio Version 17
VisualStudioVersion = 17.1.32328.378
MinimumVisualStudioVersion = 10.0.40219.1
Project("{FAE04EC0-301F-11D3-BF4B-00C04F79EFBC}") = "ExercicioProposto4", "ExercicioProposto4\ExercicioProposto4.csproj", "{1C74C775-1B9C-40F9-8CB9-EE06F170C7DD}"
EndProject
Global
	GlobalSection(SolutionConfigurationPlatforms) = preSolution
		Debug|Any CPU = Debug|Any CPU
		Release|Any CPU = Release|Any CPU
	EndGlobalSection
	GlobalSection(ProjectConfigurationPlatforms) = postSolution
		{1C74C775-1B9C-40F9-8CB9-EE06F170C7DD}.Debug|Any CPU.ActiveCfg = Debug|Any CPU
		{1C74C775-1B9C-40F9-8CB9-EE06F170C7DD}.Debug|Any CPU.Build.0 = Debug|Any CPU
		{1C74C775-1B9C-40F9-8CB9-EE06F170C7DD}.Release|Any CPU.ActiveCfg = Release|Any CPU
		{1C74C775-1B9C-40F9-8CB9-EE06F170C7DD}.Release|Any CPU.Build.0 = Release|Any CPU
	EndGlobalSection
	GlobalSection(SolutionProperties) = preSolution
		HideSolutionNode = FALSE
	EndGlobalSection
	GlobalSection(ExtensibilityGlobals) = postSolution
		SolutionGuid = {1D3CBCA2-DB86-4958-B467-8D525E2D9FF2}
	EndGlobalSection
EndGlobal
