
Microsoft Visual Studio Solution File, Format Version 12.00
# Visual Studio Version 17
VisualStudioVersion = 17.1.32328.378
MinimumVisualStudioVersion = 10.0.40219.1
Project("{FAE04EC0-301F-11D3-BF4B-00C04F79EFBC}") = "ExercicioPropostoCondicao", "ExercicioPropostoCondicao\ExercicioPropostoCondicao.csproj", "{5A5E8CF9-A62C-45A4-9E21-3C3D6F510A7B}"
EndProject
Global
	GlobalSection(SolutionConfigurationPlatforms) = preSolution
		Debug|Any CPU = Debug|Any CPU
		Release|Any CPU = Release|Any CPU
	EndGlobalSection
	GlobalSection(ProjectConfigurationPlatforms) = postSolution
		{5A5E8CF9-A62C-45A4-9E21-3C3D6F510A7B}.Debug|Any CPU.ActiveCfg = Debug|Any CPU
		{5A5E8CF9-A62C-45A4-9E21-3C3D6F510A7B}.Debug|Any CPU.Build.0 = Debug|Any CPU
		{5A5E8CF9-A62C-45A4-9E21-3C3D6F510A7B}.Release|Any CPU.ActiveCfg = Release|Any CPU
		{5A5E8CF9-A62C-45A4-9E21-3C3D6F510A7B}.Release|Any CPU.Build.0 = Release|Any CPU
	EndGlobalSection
	GlobalSection(SolutionProperties) = preSolution
		HideSolutionNode = FALSE
	EndGlobalSection
	GlobalSection(ExtensibilityGlobals) = postSolution
		SolutionGuid = {D8B63651-C361-4683-B4B9-A38D508BD585}
	EndGlobalSection
EndGlobal
